
Microsoft Visual Studio Solution File, Format Version 12.00
# Visual Studio 15
VisualStudioVersion = 15.0.28307.102
MinimumVisualStudioVersion = 10.0.40219.1
Project("{FAE04EC0-301F-11D3-BF4B-00C04F79EFBC}") = "nlove_homework05", "nlove_homework05\nlove_homework05.csproj", "{13C3A04F-60CA-4F32-B792-C92E49564E4E}"
EndProject
Global
	GlobalSection(SolutionConfigurationPlatforms) = preSolution
		Debug|Any CPU = Debug|Any CPU
		Release|Any CPU = Release|Any CPU
	EndGlobalSection
	GlobalSection(ProjectConfigurationPlatforms) = postSolution
		{13C3A04F-60CA-4F32-B792-C92E49564E4E}.Debug|Any CPU.ActiveCfg = Debug|Any CPU
		{13C3A04F-60CA-4F32-B792-C92E49564E4E}.Debug|Any CPU.Build.0 = Debug|Any CPU
		{13C3A04F-60CA-4F32-B792-C92E49564E4E}.Release|Any CPU.ActiveCfg = Release|Any CPU
		{13C3A04F-60CA-4F32-B792-C92E49564E4E}.Release|Any CPU.Build.0 = Release|Any CPU
	EndGlobalSection
	GlobalSection(SolutionProperties) = preSolution
		HideSolutionNode = FALSE
	EndGlobalSection
	GlobalSection(ExtensibilityGlobals) = postSolution
		SolutionGuid = {492A5124-E153-485E-B05E-2C865654E433}
	EndGlobalSection
EndGlobal
